
Microsoft Visual Studio Solution File, Format Version 12.00
# Visual Studio 2013
VisualStudioVersion = 12.0.30501.0
MinimumVisualStudioVersion = 10.0.40219.1
Project("{FAE04EC0-301F-11D3-BF4B-00C04F79EFBC}") = "MVCProject", "MVCProject\MVCProject.csproj", "{8A3F1C10-7D0F-441B-AE61-4CD5E475B521}"
EndProject
Project("{FAE04EC0-301F-11D3-BF4B-00C04F79EFBC}") = "MVCProject.Negocio", "MVCProject.Negocio\MVCProject.Negocio.csproj", "{D7B54C06-2660-4355-B135-C9E8BD0A3356}"
EndProject
Global
	GlobalSection(SolutionConfigurationPlatforms) = preSolution
		Debug|Any CPU = Debug|Any CPU
		Release|Any CPU = Release|Any CPU
	EndGlobalSection
	GlobalSection(ProjectConfigurationPlatforms) = postSolution
		{8A3F1C10-7D0F-441B-AE61-4CD5E475B521}.Debug|Any CPU.ActiveCfg = Debug|Any CPU
		{8A3F1C10-7D0F-441B-AE61-4CD5E475B521}.Debug|Any CPU.Build.0 = Debug|Any CPU
		{8A3F1C10-7D0F-441B-AE61-4CD5E475B521}.Release|Any CPU.ActiveCfg = Release|Any CPU
		{8A3F1C10-7D0F-441B-AE61-4CD5E475B521}.Release|Any CPU.Build.0 = Release|Any CPU
		{D7B54C06-2660-4355-B135-C9E8BD0A3356}.Debug|Any CPU.ActiveCfg = Debug|Any CPU
		{D7B54C06-2660-4355-B135-C9E8BD0A3356}.Debug|Any CPU.Build.0 = Debug|Any CPU
		{D7B54C06-2660-4355-B135-C9E8BD0A3356}.Release|Any CPU.ActiveCfg = Release|Any CPU
		{D7B54C06-2660-4355-B135-C9E8BD0A3356}.Release|Any CPU.Build.0 = Release|Any CPU
	EndGlobalSection
	GlobalSection(SolutionProperties) = preSolution
		HideSolutionNode = FALSE
	EndGlobalSection
EndGlobal
